
Microsoft Visual Studio Solution File, Format Version 12.00
# Visual Studio Version 17
VisualStudioVersion = 17.7.34031.279
MinimumVisualStudioVersion = 10.0.40219.1
Project("{FAE04EC0-301F-11D3-BF4B-00C04F79EFBC}") = "Demo", "Demo\Demo.csproj", "{925E9BAE-6FEF-4335-9092-B7425603A268}"
EndProject
Global
	GlobalSection(SolutionConfigurationPlatforms) = preSolution
		Debug|Any CPU = Debug|Any CPU
		Release|Any CPU = Release|Any CPU
	EndGlobalSection
	GlobalSection(ProjectConfigurationPlatforms) = postSolution
		{925E9BAE-6FEF-4335-9092-B7425603A268}.Debug|Any CPU.ActiveCfg = Debug|Any CPU
		{925E9BAE-6FEF-4335-9092-B7425603A268}.Debug|Any CPU.Build.0 = Debug|Any CPU
		{925E9BAE-6FEF-4335-9092-B7425603A268}.Release|Any CPU.ActiveCfg = Release|Any CPU
		{925E9BAE-6FEF-4335-9092-B7425603A268}.Release|Any CPU.Build.0 = Release|Any CPU
	EndGlobalSection
	GlobalSection(SolutionProperties) = preSolution
		HideSolutionNode = FALSE
	EndGlobalSection
	GlobalSection(ExtensibilityGlobals) = postSolution
		SolutionGuid = {8F35395F-51BE-46EF-932C-ECC5AF45EF92}
	EndGlobalSection
EndGlobal
