
Microsoft Visual Studio Solution File, Format Version 12.00
# Visual Studio Version 17
VisualStudioVersion = 17.7.34031.279
MinimumVisualStudioVersion = 10.0.40219.1
Project("{9A19103F-16F7-4668-BE54-9A1E7A4F7556}") = "02. Easter Guests", "02. Easter Guests\02. Easter Guests.csproj", "{1E530CBE-D5D0-4D75-A463-1C5FD764D484}"
EndProject
Project("{FAE04EC0-301F-11D3-BF4B-00C04F79EFBC}") = "02. Easter Party", "02. Easter Party\02. Easter Party.csproj", "{6AAB2FE8-D655-483C-8932-5669F4DF1B64}"
EndProject
Project("{FAE04EC0-301F-11D3-BF4B-00C04F79EFBC}") = "03. Easter Trip", "03. Easter Trip\03. Easter Trip.csproj", "{C1E5E91C-DB09-4914-A8C6-380E38376B7F}"
EndProject
Global
	GlobalSection(SolutionConfigurationPlatforms) = preSolution
		Debug|Any CPU = Debug|Any CPU
		Release|Any CPU = Release|Any CPU
	EndGlobalSection
	GlobalSection(ProjectConfigurationPlatforms) = postSolution
		{1E530CBE-D5D0-4D75-A463-1C5FD764D484}.Debug|Any CPU.ActiveCfg = Debug|Any CPU
		{1E530CBE-D5D0-4D75-A463-1C5FD764D484}.Debug|Any CPU.Build.0 = Debug|Any CPU
		{1E530CBE-D5D0-4D75-A463-1C5FD764D484}.Release|Any CPU.ActiveCfg = Release|Any CPU
		{1E530CBE-D5D0-4D75-A463-1C5FD764D484}.Release|Any CPU.Build.0 = Release|Any CPU
		{6AAB2FE8-D655-483C-8932-5669F4DF1B64}.Debug|Any CPU.ActiveCfg = Debug|Any CPU
		{6AAB2FE8-D655-483C-8932-5669F4DF1B64}.Debug|Any CPU.Build.0 = Debug|Any CPU
		{6AAB2FE8-D655-483C-8932-5669F4DF1B64}.Release|Any CPU.ActiveCfg = Release|Any CPU
		{6AAB2FE8-D655-483C-8932-5669F4DF1B64}.Release|Any CPU.Build.0 = Release|Any CPU
		{C1E5E91C-DB09-4914-A8C6-380E38376B7F}.Debug|Any CPU.ActiveCfg = Debug|Any CPU
		{C1E5E91C-DB09-4914-A8C6-380E38376B7F}.Debug|Any CPU.Build.0 = Debug|Any CPU
		{C1E5E91C-DB09-4914-A8C6-380E38376B7F}.Release|Any CPU.ActiveCfg = Release|Any CPU
		{C1E5E91C-DB09-4914-A8C6-380E38376B7F}.Release|Any CPU.Build.0 = Release|Any CPU
	EndGlobalSection
	GlobalSection(SolutionProperties) = preSolution
		HideSolutionNode = FALSE
	EndGlobalSection
	GlobalSection(ExtensibilityGlobals) = postSolution
		SolutionGuid = {A41DB852-0D60-4A77-A689-44EADF8DFAF1}
	EndGlobalSection
EndGlobal
