
Microsoft Visual Studio Solution File, Format Version 12.00
# Visual Studio Version 17
VisualStudioVersion = 17.8.34309.116
MinimumVisualStudioVersion = 10.0.40219.1
Project("{FAE04EC0-301F-11D3-BF4B-00C04F79EFBC}") = "01.DataTypeFinder", "01.DataTypeFinder\01.DataTypeFinder.csproj", "{DABCAE62-33EB-43D4-834B-60669ABD99A8}"
EndProject
Project("{FAE04EC0-301F-11D3-BF4B-00C04F79EFBC}") = "02.FromLeftToTheRight", "02.FromLeftToTheRight\02.FromLeftToTheRight.csproj", "{4BCE3703-CCB3-43FA-AB6E-8DC6317B2924}"
EndProject
Project("{FAE04EC0-301F-11D3-BF4B-00C04F79EFBC}") = "demo12", "demo12\demo12.csproj", "{0066C214-894C-4401-8487-F16077BEFCB0}"
EndProject
Global
	GlobalSection(SolutionConfigurationPlatforms) = preSolution
		Debug|Any CPU = Debug|Any CPU
		Release|Any CPU = Release|Any CPU
	EndGlobalSection
	GlobalSection(ProjectConfigurationPlatforms) = postSolution
		{DABCAE62-33EB-43D4-834B-60669ABD99A8}.Debug|Any CPU.ActiveCfg = Debug|Any CPU
		{DABCAE62-33EB-43D4-834B-60669ABD99A8}.Debug|Any CPU.Build.0 = Debug|Any CPU
		{DABCAE62-33EB-43D4-834B-60669ABD99A8}.Release|Any CPU.ActiveCfg = Release|Any CPU
		{DABCAE62-33EB-43D4-834B-60669ABD99A8}.Release|Any CPU.Build.0 = Release|Any CPU
		{4BCE3703-CCB3-43FA-AB6E-8DC6317B2924}.Debug|Any CPU.ActiveCfg = Debug|Any CPU
		{4BCE3703-CCB3-43FA-AB6E-8DC6317B2924}.Debug|Any CPU.Build.0 = Debug|Any CPU
		{4BCE3703-CCB3-43FA-AB6E-8DC6317B2924}.Release|Any CPU.ActiveCfg = Release|Any CPU
		{4BCE3703-CCB3-43FA-AB6E-8DC6317B2924}.Release|Any CPU.Build.0 = Release|Any CPU
		{0066C214-894C-4401-8487-F16077BEFCB0}.Debug|Any CPU.ActiveCfg = Debug|Any CPU
		{0066C214-894C-4401-8487-F16077BEFCB0}.Debug|Any CPU.Build.0 = Debug|Any CPU
		{0066C214-894C-4401-8487-F16077BEFCB0}.Release|Any CPU.ActiveCfg = Release|Any CPU
		{0066C214-894C-4401-8487-F16077BEFCB0}.Release|Any CPU.Build.0 = Release|Any CPU
	EndGlobalSection
	GlobalSection(SolutionProperties) = preSolution
		HideSolutionNode = FALSE
	EndGlobalSection
	GlobalSection(ExtensibilityGlobals) = postSolution
		SolutionGuid = {EEC6F35F-065A-42B4-9DB8-36224467878C}
	EndGlobalSection
EndGlobal
